// !$*UTF8*$!
{
	archiveVersion = 1;
	classes = {
	};
	objectVersion = 77;
	objects = {

/* Begin PBXBuildFile section */
		7DB7D3452F78FB0000ABE060 /* CoconutSDK in Frameworks */ = {isa = PBXBuildFile; productRef = AA0000022F78B1D300ABE060 /* CoconutSDK */; };
		AA0001032F78B1D300ABE060 /* CoconutNetwork in Frameworks */ = {isa = PBXBuildFile; productRef = AA0001022F78B1D300ABE060 /* CoconutNetwork */; };
		AA0001052F78B1D300ABE060 /* CoconutNetwork in Frameworks */ = {isa = PBXBuildFile; productRef = AA0001042F78B1D300ABE060 /* CoconutNetwork */; };
/* End PBXBuildFile section */

/* Begin PBXContainerItemProxy section */
		7DB7D2AB2F78B1D300ABE060 /* PBXContainerItemProxy */ = {
			isa = PBXContainerItemProxy;
			containerPortal = 7DB7D28C2F78B1D100ABE060 /* Project object */;
			proxyType = 1;
			remoteGlobalIDString = 7DB7D2932F78B1D100ABE060;
			remoteInfo = iOSWebBox;
		};
		7DB7D2B52F78B1D300ABE060 /* PBXContainerItemProxy */ = {
			isa = PBXContainerItemProxy;
			containerPortal = 7DB7D28C2F78B1D100ABE060 /* Project object */;
			proxyType = 1;
			remoteGlobalIDString = 7DB7D2932F78B1D100ABE060;
			remoteInfo = iOSWebBox;
		};
/* End PBXContainerItemProxy section */

/* Begin PBXFileReference section */
		7DB7D2942F78B1D100ABE060 /* iOSWebBox.app */ = {isa = PBXFileReference; explicitFileType = wrapper.application; includeInIndex = 0; path = iOSWebBox.app; sourceTree = BUILT_PRODUCTS_DIR; };
		7DB7D2AA2F78B1D300ABE060 /* iOSWebBoxTests.xctest */ = {isa = PBXFileReference; explicitFileType = wrapper.cfbundle; includeInIndex = 0; path = iOSWebBoxTests.xctest; sourceTree = BUILT_PRODUCTS_DIR; };
		7DB7D2B42F78B1D300ABE060 /* iOSWebBoxUITests.xctest */ = {isa = PBXFileReference; explicitFileType = wrapper.cfbundle; includeInIndex = 0; path = iOSWebBoxUITests.xctest; sourceTree = BUILT_PRODUCTS_DIR; };
/* End PBXFileReference section */

/* Begin PBXFileSystemSynchronizedBuildFileExceptionSet section */
		7DB7D2BC2F78B1D300ABE060 /* Exceptions for "iOSWebBox" folder in "iOSWebBox" target */ = {
			isa = PBXFileSystemSynchronizedBuildFileExceptionSet;
			membershipExceptions = (
				Info.plist,
			);
			target = 7DB7D2932F78B1D100ABE060 /* iOSWebBox */;
		};
/* End PBXFileSystemSynchronizedBuildFileExceptionSet section */

/* Begin PBXFileSystemSynchronizedRootGroup section */
		7DB7D2962F78B1D100ABE060 /* iOSWebBox */ = {
			isa = PBXFileSystemSynchronizedRootGroup;
			exceptions = (
				7DB7D2BC2F78B1D300ABE060 /* Exceptions for "iOSWebBox" folder in "iOSWebBox" target */,
			);
			path = iOSWebBox;
			sourceTree = "<group>";
		};
		7DB7D2AD2F78B1D300ABE060 /* iOSWebBoxTests */ = {
			isa = PBXFileSystemSynchronizedRootGroup;
			path = iOSWebBoxTests;
			sourceTree = "<group>";
		};
		7DB7D2B72F78B1D300ABE060 /* iOSWebBoxUITests */ = {
			isa = PBXFileSystemSynchronizedRootGroup;
			path = iOSWebBoxUITests;
			sourceTree = "<group>";
		};
/* End PBXFileSystemSynchronizedRootGroup section */

/* Begin PBXFrameworksBuildPhase section */
		7DB7D2912F78B1D100ABE060 /* Frameworks */ = {
			isa = PBXFrameworksBuildPhase;
			buildActionMask = 2147483647;
			files = (
				7DB7D3452F78FB0000ABE060 /* CoconutSDK in Frameworks */,
				AA0001032F78B1D300ABE060 /* CoconutNetwork in Frameworks */,
			);
			runOnlyForDeploymentPostprocessing = 0;
		};
		7DB7D2A72F78B1D300ABE060 /* Frameworks */ = {
			isa = PBXFrameworksBuildPhase;
			buildActionMask = 2147483647;
			files = (
				AA0001052F78B1D300ABE060 /* CoconutNetwork in Frameworks */,
			);
			runOnlyForDeploymentPostprocessing = 0;
		};
		7DB7D2B12F78B1D300ABE060 /* Frameworks */ = {
			isa = PBXFrameworksBuildPhase;
			buildActionMask = 2147483647;
			files = (
			);
			runOnlyForDeploymentPostprocessing = 0;
		};
/* End PBXFrameworksBuildPhase section */

/* Begin PBXGroup section */
		7DB7D28B2F78B1D100ABE060 = {
			isa = PBXGroup;
			children = (
				7DB7D2962F78B1D100ABE060 /* iOSWebBox */,
				7DB7D2AD2F78B1D300ABE060 /* iOSWebBoxTests */,
				7DB7D2B72F78B1D300ABE060 /* iOSWebBoxUITests */,
				7DB7D2952F78B1D100ABE060 /* Products */,
			);
			sourceTree = "<group>";
		};
		7DB7D2952F78B1D100ABE060 /* Products */ = {
			isa = PBXGroup;
			children = (
				7DB7D2942F78B1D100ABE060 /* iOSWebBox.app */,
				7DB7D2AA2F78B1D300ABE060 /* iOSWebBoxTests.xctest */,
				7DB7D2B42F78B1D300ABE060 /* iOSWebBoxUITests.xctest */,
			);
			name = Products;
			sourceTree = "<group>";
		};
/* End PBXGroup section */

/* Begin PBXNativeTarget section */
		7DB7D2932F78B1D100ABE060 /* iOSWebBox */ = {
			isa = PBXNativeTarget;
			buildConfigurationList = 7DB7D2BD2F78B1D300ABE060 /* Build configuration list for PBXNativeTarget "iOSWebBox" */;
			buildPhases = (
				7DB7D2902F78B1D100ABE060 /* Sources */,
				7DB7D2912F78B1D100ABE060 /* Frameworks */,
				7DB7D2922F78B1D100ABE060 /* Resources */,
			);
			buildRules = (
			);
			dependencies = (
			);
			fileSystemSynchronizedGroups = (
				7DB7D2962F78B1D100ABE060 /* iOSWebBox */,
			);
			name = iOSWebBox;
			packageProductDependencies = (
				AA0000022F78B1D300ABE060 /* CoconutSDK */,
				AA0001022F78B1D300ABE060 /* CoconutNetwork */,
			);
			productName = iOSWebBox;
			productReference = 7DB7D2942F78B1D100ABE060 /* iOSWebBox.app */;
			productType = "com.apple.product-type.application";
		};
		7DB7D2A92F78B1D300ABE060 /* iOSWebBoxTests */ = {
			isa = PBXNativeTarget;
			buildConfigurationList = 7DB7D2C22F78B1D300ABE060 /* Build configuration list for PBXNativeTarget "iOSWebBoxTests" */;
			buildPhases = (
				7DB7D2A62F78B1D300ABE060 /* Sources */,
				7DB7D2A72F78B1D300ABE060 /* Frameworks */,
				7DB7D2A82F78B1D300ABE060 /* Resources */,
			);
			buildRules = (
			);
			dependencies = (
				7DB7D2AC2F78B1D300ABE060 /* PBXTargetDependency */,
			);
			fileSystemSynchronizedGroups = (
				7DB7D2AD2F78B1D300ABE060 /* iOSWebBoxTests */,
			);
			name = iOSWebBoxTests;
			packageProductDependencies = (
				AA0001042F78B1D300ABE060 /* CoconutNetwork */,
			);
			productName = iOSWebBoxTests;
			productReference = 7DB7D2AA2F78B1D300ABE060 /* iOSWebBoxTests.xctest */;
			productType = "com.apple.product-type.bundle.unit-test";
		};
		7DB7D2B32F78B1D300ABE060 /* iOSWebBoxUITests */ = {
			isa = PBXNativeTarget;
			buildConfigurationList = 7DB7D2C52F78B1D300ABE060 /* Build configuration list for PBXNativeTarget "iOSWebBoxUITests" */;
			buildPhases = (
				7DB7D2B02F78B1D300ABE060 /* Sources */,
				7DB7D2B12F78B1D300ABE060 /* Frameworks */,
				7DB7D2B22F78B1D300ABE060 /* Resources */,
			);
			buildRules = (
			);
			dependencies = (
				7DB7D2B62F78B1D300ABE060 /* PBXTargetDependency */,
			);
			fileSystemSynchronizedGroups = (
				7DB7D2B72F78B1D300ABE060 /* iOSWebBoxUITests */,
			);
			name = iOSWebBoxUITests;
			packageProductDependencies = (
			);
			productName = iOSWebBoxUITests;
			productReference = 7DB7D2B42F78B1D300ABE060 /* iOSWebBoxUITests.xctest */;
			productType = "com.apple.product-type.bundle.ui-testing";
		};
/* End PBXNativeTarget section */

/* Begin PBXProject section */
		7DB7D28C2F78B1D100ABE060 /* Project object */ = {
			isa = PBXProject;
			attributes = {
				BuildIndependentTargetsInParallel = 1;
				LastSwiftUpdateCheck = 2600;
				LastUpgradeCheck = 2600;
				TargetAttributes = {
					7DB7D2932F78B1D100ABE060 = {
						CreatedOnToolsVersion = 26.0.1;
					};
					7DB7D2A92F78B1D300ABE060 = {
						CreatedOnToolsVersion = 26.0.1;
						TestTargetID = 7DB7D2932F78B1D100ABE060;
					};
					7DB7D2B32F78B1D300ABE060 = {
						CreatedOnToolsVersion = 26.0.1;
						TestTargetID = 7DB7D2932F78B1D100ABE060;
					};
				};
			};
			buildConfigurationList = 7DB7D28F2F78B1D100ABE060 /* Build configuration list for PBXProject "iOSWebBox" */;
			developmentRegion = en;
			hasScannedForEncodings = 0;
			knownRegions = (
				en,
				Base,
			);
			mainGroup = 7DB7D28B2F78B1D100ABE060;
			minimizedProjectReferenceProxies = 1;
			packageReferences = (
				AA0000012F78B1D300ABE060 /* XCLocalSwiftPackageReference "CoconutSDK" */,
				AA0001012F78B1D300ABE060 /* XCLocalSwiftPackageReference "CoconutNetwork" */,
			);
			preferredProjectObjectVersion = 77;
			productRefGroup = 7DB7D2952F78B1D100ABE060 /* Products */;
			projectDirPath = "";
			projectRoot = "";
			targets = (
				7DB7D2932F78B1D100ABE060 /* iOSWebBox */,
				7DB7D2A92F78B1D300ABE060 /* iOSWebBoxTests */,
				7DB7D2B32F78B1D300ABE060 /* iOSWebBoxUITests */,
			);
		};
/* End PBXProject section */

/* Begin PBXResourcesBuildPhase section */
		7DB7D2922F78B1D100ABE060 /* Resources */ = {
			isa = PBXResourcesBuildPhase;
			buildActionMask = 2147483647;
			files = (
			);
			runOnlyForDeploymentPostprocessing = 0;
		};
		7DB7D2A82F78B1D300ABE060 /* Resources */ = {
			isa = PBXResourcesBuildPhase;
			buildActionMask = 2147483647;
			files = (
			);
			runOnlyForDeploymentPostprocessing = 0;
		};
		7DB7D2B22F78B1D300ABE060 /* Resources */ = {
			isa = PBXResourcesBuildPhase;
			buildActionMask = 2147483647;
			files = (
			);
			runOnlyForDeploymentPostprocessing = 0;
		};
/* End PBXResourcesBuildPhase section */

/* Begin PBXSourcesBuildPhase section */
		7DB7D2902F78B1D100ABE060 /* Sources */ = {
			isa = PBXSourcesBuildPhase;
			buildActionMask = 2147483647;
			files = (
			);
			runOnlyForDeploymentPostprocessing = 0;
		};
		7DB7D2A62F78B1D300ABE060 /* Sources */ = {
			isa = PBXSourcesBuildPhase;
			buildActionMask = 2147483647;
			files = (
			);
			runOnlyForDeploymentPostprocessing = 0;
		};
		7DB7D2B02F78B1D300ABE060 /* Sources */ = {
			isa = PBXSourcesBuildPhase;
			buildActionMask = 2147483647;
			files = (
			);
			runOnlyForDeploymentPostprocessing = 0;
		};
/* End PBXSourcesBuildPhase section */

/* Begin PBXTargetDependency section */
		7DB7D2AC2F78B1D300ABE060 /* PBXTargetDependency */ = {
			isa = PBXTargetDependency;
			target = 7DB7D2932F78B1D100ABE060 /* iOSWebBox */;
			targetProxy = 7DB7D2AB2F78B1D300ABE060 /* PBXContainerItemProxy */;
		};
		7DB7D2B62F78B1D300ABE060 /* PBXTargetDependency */ = {
			isa = PBXTargetDependency;
			target = 7DB7D2932F78B1D100ABE060 /* iOSWebBox */;
			targetProxy = 7DB7D2B52F78B1D300ABE060 /* PBXContainerItemProxy */;
		};
/* End PBXTargetDependency section */

/* Begin XCBuildConfiguration section */
		7DB7D2BE2F78B1D300ABE060 /* Debug */ = {
			isa = XCBuildConfiguration;
			buildSettings = {
				ASSETCATALOG_COMPILER_APPICON_NAME = AppIcon;
				ASSETCATALOG_COMPILER_GLOBAL_ACCENT_COLOR_NAME = AccentColor;
				CODE_SIGN_STYLE = Automatic;
				CURRENT_PROJECT_VERSION = 1;
				DEVELOPMENT_TEAM = 24UF99W49D;
				GENERATE_INFOPLIST_FILE = YES;
				INFOPLIST_FILE = iOSWebBox/Info.plist;
				INFOPLIST_KEY_UIApplicationSupportsIndirectInputEvents = YES;
				INFOPLIST_KEY_UILaunchStoryboardName = LaunchScreen;
				INFOPLIST_KEY_UIMainStoryboardFile = Main;
				INFOPLIST_KEY_UISupportedInterfaceOrientations_iPad = "UIInterfaceOrientationPortrait UIInterfaceOrientationPortraitUpsideDown UIInterfaceOrientationLandscapeLeft UIInterfaceOrientationLandscapeRight";
				INFOPLIST_KEY_UISupportedInterfaceOrientations_iPhone = "UIInterfaceOrientationPortrait UIInterfaceOrientationLandscapeLeft UIInterfaceOrientationLandscapeRight";
				IPHONEOS_DEPLOYMENT_TARGET = 15;
				LD_RUNPATH_SEARCH_PATHS = (
					"$(inherited)",
					"@executable_path/Frameworks",
				);
				MARKETING_VERSION = 1.0;
				PRODUCT_BUNDLE_IDENTIFIER = com.sniper.tool.iOSWebBox;
				PRODUCT_NAME = "$(TARGET_NAME)";
				STRING_CATALOG_GENERATE_SYMBOLS = YES;
				SWIFT_APPROACHABLE_CONCURRENCY = YES;
				SWIFT_DEFAULT_ACTOR_ISOLATION = MainActor;
				SWIFT_EMIT_LOC_STRINGS = YES;
				SWIFT_UPCOMING_FEATURE_MEMBER_IMPORT_VISIBILITY = YES;
				SWIFT_VERSION = 5.0;
				TARGETED_DEVICE_FAMILY = "1,2";
			};
			name = Debug;
		};
		7DB7D2BF2F78B1D300ABE060 /* Release */ = {
			isa = XCBuildConfiguration;
			buildSettings = {
				ASSETCATALOG_COMPILER_APPICON_NAME = AppIcon;
				ASSETCATALOG_COMPILER_GLOBAL_ACCENT_COLOR_NAME = AccentColor;
				CODE_SIGN_STYLE = Automatic;
				CURRENT_PROJECT_VERSION = 1;
				DEVELOPMENT_TEAM = 24UF99W49D;
				GENERATE_INFOPLIST_FILE = YES;
				INFOPLIST_FILE = iOSWebBox/Info.plist;
				INFOPLIST_KEY_UIApplicationSupportsIndirectInputEvents = YES;
				INFOPLIST_KEY_UILaunchStoryboardName = LaunchScreen;
				INFOPLIST_KEY_UIMainStoryboardFile = Main;
				INFOPLIST_KEY_UISupportedInterfaceOrientations_iPad = "UIInterfaceOrientationPortrait UIInterfaceOrientationPortraitUpsideDown UIInterfaceOrientationLandscapeLeft UIInterfaceOrientationLandscapeRight";
				INFOPLIST_KEY_UISupportedInterfaceOrientations_iPhone = "UIInterfaceOrientationPortrait UIInterfaceOrientationLandscapeLeft UIInterfaceOrientationLandscapeRight";
				IPHONEOS_DEPLOYMENT_TARGET = 15;
				LD_RUNPATH_SEARCH_PATHS = (
					"$(inherited)",
					"@executable_path/Frameworks",
				);
				MARKETING_VERSION = 1.0;
				PRODUCT_BUNDLE_IDENTIFIER = com.sniper.tool.iOSWebBox;
				PRODUCT_NAME = "$(TARGET_NAME)";
				STRING_CATALOG_GENERATE_SYMBOLS = YES;
				SWIFT_APPROACHABLE_CONCURRENCY = YES;
				SWIFT_DEFAULT_ACTOR_ISOLATION = MainActor;
				SWIFT_EMIT_LOC_STRINGS = YES;
				SWIFT_UPCOMING_FEATURE_MEMBER_IMPORT_VISIBILITY = YES;
				SWIFT_VERSION = 5.0;
				TARGETED_DEVICE_FAMILY = "1,2";
			};
			name = Release;
		};
		7DB7D2C02F78B1D300ABE060 /* Debug */ = {
			isa = XCBuildConfiguration;
			buildSettings = {
				ALWAYS_SEARCH_USER_PATHS = NO;
				ASSETCATALOG_COMPILER_GENERATE_SWIFT_ASSET_SYMBOL_EXTENSIONS = YES;
				CLANG_ANALYZER_NONNULL = YES;
				CLANG_ANALYZER_NUMBER_OBJECT_CONVERSION = YES_AGGRESSIVE;
				CLANG_CXX_LANGUAGE_STANDARD = "gnu++20";
				CLANG_ENABLE_MODULES = YES;
				CLANG_ENABLE_OBJC_ARC = YES;
				CLANG_ENABLE_OBJC_WEAK = YES;
				CLANG_WARN_BLOCK_CAPTURE_AUTORELEASING = YES;
				CLANG_WARN_BOOL_CONVERSION = YES;
				CLANG_WARN_COMMA = YES;
				CLANG_WARN_CONSTANT_CONVERSION = YES;
				CLANG_WARN_DEPRECATED_OBJC_IMPLEMENTATIONS = YES;
				CLANG_WARN_DIRECT_OBJC_ISA_USAGE = YES_ERROR;
				CLANG_WARN_DOCUMENTATION_COMMENTS = YES;
				CLANG_WARN_EMPTY_BODY = YES;
				CLANG_WARN_ENUM_CONVERSION = YES;
				CLANG_WARN_INFINITE_RECURSION = YES;
				CLANG_WARN_INT_CONVERSION = YES;
				CLANG_WARN_NON_LITERAL_NULL_CONVERSION = YES;
				CLANG_WARN_OBJC_IMPLICIT_RETAIN_SELF = YES;
				CLANG_WARN_OBJC_LITERAL_CONVERSION = YES;
				CLANG_WARN_OBJC_ROOT_CLASS = YES_ERROR;
				CLANG_WARN_QUOTED_INCLUDE_IN_FRAMEWORK_HEADER = YES;
				CLANG_WARN_RANGE_LOOP_ANALYSIS = YES;
				CLANG_WARN_STRICT_PROTOTYPES = YES;
				CLANG_WARN_SUSPICIOUS_MOVE = YES;
				CLANG_WARN_UNGUARDED_AVAILABILITY = YES_AGGRESSIVE;
				CLANG_WARN_UNREACHABLE_CODE = YES;
				CLANG_WARN__DUPLICATE_METHOD_MATCH = YES;
				COPY_PHASE_STRIP = NO;
				DEBUG_INFORMATION_FORMAT = dwarf;
				ENABLE_STRICT_OBJC_MSGSEND = YES;
				ENABLE_TESTABILITY = YES;
				ENABLE_USER_SCRIPT_SANDBOXING = YES;
				GCC_C_LANGUAGE_STANDARD = gnu17;
				GCC_DYNAMIC_NO_PIC = NO;
				GCC_NO_COMMON_BLOCKS = YES;
				GCC_OPTIMIZATION_LEVEL = 0;
				GCC_PREPROCESSOR_DEFINITIONS = (
					"DEBUG=1",
					"$(inherited)",
				);
				GCC_WARN_64_TO_32_BIT_CONVERSION = YES;
				GCC_WARN_ABOUT_RETURN_TYPE = YES_ERROR;
				GCC_WARN_UNDECLARED_SELECTOR = YES;
				GCC_WARN_UNINITIALIZED_AUTOS = YES_AGGRESSIVE;
				GCC_WARN_UNUSED_FUNCTION = YES;
				GCC_WARN_UNUSED_VARIABLE = YES;
				IPHONEOS_DEPLOYMENT_TARGET = 26.0;
				LOCALIZATION_PREFERS_STRING_CATALOGS = YES;
				MTL_ENABLE_DEBUG_INFO = INCLUDE_SOURCE;
				MTL_FAST_MATH = YES;
				ONLY_ACTIVE_ARCH = YES;
				SDKROOT = iphoneos;
				SWIFT_ACTIVE_COMPILATION_CONDITIONS = "DEBUG $(inherited)";
				SWIFT_OPTIMIZATION_LEVEL = "-Onone";
			};
			name = Debug;
		};
		7DB7D2C12F78B1D300ABE060 /* Release */ = {
			isa = XCBuildConfiguration;
			buildSettings = {
				ALWAYS_SEARCH_USER_PATHS = NO;
				ASSETCATALOG_COMPILER_GENERATE_SWIFT_ASSET_SYMBOL_EXTENSIONS = YES;
				CLANG_ANALYZER_NONNULL = YES;
				CLANG_ANALYZER_NUMBER_OBJECT_CONVERSION = YES_AGGRESSIVE;
				CLANG_CXX_LANGUAGE_STANDARD = "gnu++20";
				CLANG_ENABLE_MODULES = YES;
				CLANG_ENABLE_OBJC_ARC = YES;
				CLANG_ENABLE_OBJC_WEAK = YES;
				CLANG_WARN_BLOCK_CAPTURE_AUTORELEASING = YES;
				CLANG_WARN_BOOL_CONVERSION = YES;
				CLANG_WARN_COMMA = YES;
				CLANG_WARN_CONSTANT_CONVERSION = YES;
				CLANG_WARN_DEPRECATED_OBJC_IMPLEMENTATIONS = YES;
				CLANG_WARN_DIRECT_OBJC_ISA_USAGE = YES_ERROR;
				CLANG_WARN_DOCUMENTATION_COMMENTS = YES;
				CLANG_WARN_EMPTY_BODY = YES;
				CLANG_WARN_ENUM_CONVERSION = YES;
				CLANG_WARN_INFINITE_RECURSION = YES;
				CLANG_WARN_INT_CONVERSION = YES;
				CLANG_WARN_NON_LITERAL_NULL_CONVERSION = YES;
				CLANG_WARN_OBJC_IMPLICIT_RETAIN_SELF = YES;
				CLANG_WARN_OBJC_LITERAL_CONVERSION = YES;
				CLANG_WARN_OBJC_ROOT_CLASS = YES_ERROR;
				CLANG_WARN_QUOTED_INCLUDE_IN_FRAMEWORK_HEADER = YES;
				CLANG_WARN_RANGE_LOOP_ANALYSIS = YES;
				CLANG_WARN_STRICT_PROTOTYPES = YES;
				CLANG_WARN_SUSPICIOUS_MOVE = YES;
				CLANG_WARN_UNGUARDED_AVAILABILITY = YES_AGGRESSIVE;
				CLANG_WARN_UNREACHABLE_CODE = YES;
				CLANG_WARN__DUPLICATE_METHOD_MATCH = YES;
				COPY_PHASE_STRIP = NO;
				DEBUG_INFORMATION_FORMAT = "dwarf-with-dsym";
				ENABLE_NS_ASSERTIONS = NO;
				ENABLE_STRICT_OBJC_MSGSEND = YES;
				ENABLE_USER_SCRIPT_SANDBOXING = YES;
				GCC_C_LANGUAGE_STANDARD = gnu17;
				GCC_NO_COMMON_BLOCKS = YES;
				GCC_WARN_64_TO_32_BIT_CONVERSION = YES;
				GCC_WARN_ABOUT_RETURN_TYPE = YES_ERROR;
				GCC_WARN_UNDECLARED_SELECTOR = YES;
				GCC_WARN_UNINITIALIZED_AUTOS = YES_AGGRESSIVE;
				GCC_WARN_UNUSED_FUNCTION = YES;
				GCC_WARN_UNUSED_VARIABLE = YES;
				IPHONEOS_DEPLOYMENT_TARGET = 26.0;
				LOCALIZATION_PREFERS_STRING_CATALOGS = YES;
				MTL_ENABLE_DEBUG_INFO = NO;
				MTL_FAST_MATH = YES;
				SDKROOT = iphoneos;
				SWIFT_COMPILATION_MODE = wholemodule;
				VALIDATE_PRODUCT = YES;
			};
			name = Release;
		};
		7DB7D2C32F78B1D300ABE060 /* Debug */ = {
			isa = XCBuildConfiguration;
			buildSettings = {
				BUNDLE_LOADER = "$(TEST_HOST)";
				CODE_SIGN_STYLE = Automatic;
				CURRENT_PROJECT_VERSION = 1;
				GENERATE_INFOPLIST_FILE = YES;
				IPHONEOS_DEPLOYMENT_TARGET = 26.0;
				MARKETING_VERSION = 1.0;
				PRODUCT_BUNDLE_IDENTIFIER = com.sniper.tool.iOSWebBoxTests;
				PRODUCT_NAME = "$(TARGET_NAME)";
				STRING_CATALOG_GENERATE_SYMBOLS = NO;
				SWIFT_APPROACHABLE_CONCURRENCY = YES;
				SWIFT_EMIT_LOC_STRINGS = NO;
				SWIFT_UPCOMING_FEATURE_MEMBER_IMPORT_VISIBILITY = YES;
				SWIFT_VERSION = 5.0;
				TARGETED_DEVICE_FAMILY = "1,2";
				TEST_HOST = "$(BUILT_PRODUCTS_DIR)/iOSWebBox.app/$(BUNDLE_EXECUTABLE_FOLDER_PATH)/iOSWebBox";
			};
			name = Debug;
		};
		7DB7D2C42F78B1D300ABE060 /* Release */ = {
			isa = XCBuildConfiguration;
			buildSettings = {
				BUNDLE_LOADER = "$(TEST_HOST)";
				CODE_SIGN_STYLE = Automatic;
				CURRENT_PROJECT_VERSION = 1;
				GENERATE_INFOPLIST_FILE = YES;
				IPHONEOS_DEPLOYMENT_TARGET = 26.0;
				MARKETING_VERSION = 1.0;
				PRODUCT_BUNDLE_IDENTIFIER = com.sniper.tool.iOSWebBoxTests;
				PRODUCT_NAME = "$(TARGET_NAME)";
				STRING_CATALOG_GENERATE_SYMBOLS = NO;
				SWIFT_APPROACHABLE_CONCURRENCY = YES;
				SWIFT_EMIT_LOC_STRINGS = NO;
				SWIFT_UPCOMING_FEATURE_MEMBER_IMPORT_VISIBILITY = YES;
				SWIFT_VERSION = 5.0;
				TARGETED_DEVICE_FAMILY = "1,2";
				TEST_HOST = "$(BUILT_PRODUCTS_DIR)/iOSWebBox.app/$(BUNDLE_EXECUTABLE_FOLDER_PATH)/iOSWebBox";
			};
			name = Release;
		};
		7DB7D2C62F78B1D300ABE060 /* Debug */ = {
			isa = XCBuildConfiguration;
			buildSettings = {
				CODE_SIGN_STYLE = Automatic;
				CURRENT_PROJECT_VERSION = 1;
				GENERATE_INFOPLIST_FILE = YES;
				MARKETING_VERSION = 1.0;
				PRODUCT_BUNDLE_IDENTIFIER = com.sniper.tool.iOSWebBoxUITests;
				PRODUCT_NAME = "$(TARGET_NAME)";
				STRING_CATALOG_GENERATE_SYMBOLS = NO;
				SWIFT_APPROACHABLE_CONCURRENCY = YES;
				SWIFT_EMIT_LOC_STRINGS = NO;
				SWIFT_UPCOMING_FEATURE_MEMBER_IMPORT_VISIBILITY = YES;
				SWIFT_VERSION = 5.0;
				TARGETED_DEVICE_FAMILY = "1,2";
				TEST_TARGET_NAME = iOSWebBox;
			};
			name = Debug;
		};
		7DB7D2C72F78B1D300ABE060 /* Release */ = {
			isa = XCBuildConfiguration;
			buildSettings = {
				CODE_SIGN_STYLE = Automatic;
				CURRENT_PROJECT_VERSION = 1;
				GENERATE_INFOPLIST_FILE = YES;
				MARKETING_VERSION = 1.0;
				PRODUCT_BUNDLE_IDENTIFIER = com.sniper.tool.iOSWebBoxUITests;
				PRODUCT_NAME = "$(TARGET_NAME)";
				STRING_CATALOG_GENERATE_SYMBOLS = NO;
				SWIFT_APPROACHABLE_CONCURRENCY = YES;
				SWIFT_EMIT_LOC_STRINGS = NO;
				SWIFT_UPCOMING_FEATURE_MEMBER_IMPORT_VISIBILITY = YES;
				SWIFT_VERSION = 5.0;
				TARGETED_DEVICE_FAMILY = "1,2";
				TEST_TARGET_NAME = iOSWebBox;
			};
			name = Release;
		};
/* End XCBuildConfiguration section */

/* Begin XCConfigurationList section */
		7DB7D28F2F78B1D100ABE060 /* Build configuration list for PBXProject "iOSWebBox" */ = {
			isa = XCConfigurationList;
			buildConfigurations = (
				7DB7D2C02F78B1D300ABE060 /* Debug */,
				7DB7D2C12F78B1D300ABE060 /* Release */,
			);
			defaultConfigurationIsVisible = 0;
			defaultConfigurationName = Release;
		};
		7DB7D2BD2F78B1D300ABE060 /* Build configuration list for PBXNativeTarget "iOSWebBox" */ = {
			isa = XCConfigurationList;
			buildConfigurations = (
				7DB7D2BE2F78B1D300ABE060 /* Debug */,
				7DB7D2BF2F78B1D300ABE060 /* Release */,
			);
			defaultConfigurationIsVisible = 0;
			defaultConfigurationName = Release;
		};
		7DB7D2C22F78B1D300ABE060 /* Build configuration list for PBXNativeTarget "iOSWebBoxTests" */ = {
			isa = XCConfigurationList;
			buildConfigurations = (
				7DB7D2C32F78B1D300ABE060 /* Debug */,
				7DB7D2C42F78B1D300ABE060 /* Release */,
			);
			defaultConfigurationIsVisible = 0;
			defaultConfigurationName = Release;
		};
		7DB7D2C52F78B1D300ABE060 /* Build configuration list for PBXNativeTarget "iOSWebBoxUITests" */ = {
			isa = XCConfigurationList;
			buildConfigurations = (
				7DB7D2C62F78B1D300ABE060 /* Debug */,
				7DB7D2C72F78B1D300ABE060 /* Release */,
			);
			defaultConfigurationIsVisible = 0;
			defaultConfigurationName = Release;
		};
/* End XCConfigurationList section */

/* Begin XCLocalSwiftPackageReference section */
		AA0000012F78B1D300ABE060 /* XCLocalSwiftPackageReference "CoconutSDK" */ = {
			isa = XCLocalSwiftPackageReference;
			relativePath = CoconutSDK;
		};
		AA0001012F78B1D300ABE060 /* XCLocalSwiftPackageReference "CoconutNetwork" */ = {
			isa = XCLocalSwiftPackageReference;
			relativePath = CoconutNetwork;
		};
/* End XCLocalSwiftPackageReference section */

/* Begin XCSwiftPackageProductDependency section */
		AA0000022F78B1D300ABE060 /* CoconutSDK */ = {
			isa = XCSwiftPackageProductDependency;
			package = AA0000012F78B1D300ABE060 /* XCLocalSwiftPackageReference "CoconutSDK" */;
			productName = CoconutSDK;
		};
		AA0001022F78B1D300ABE060 /* CoconutNetwork */ = {
			isa = XCSwiftPackageProductDependency;
			package = AA0001012F78B1D300ABE060 /* XCLocalSwiftPackageReference "CoconutNetwork" */;
			productName = CoconutNetwork;
		};
		AA0001042F78B1D300ABE060 /* CoconutNetwork */ = {
			isa = XCSwiftPackageProductDependency;
			package = AA0001012F78B1D300ABE060 /* XCLocalSwiftPackageReference "CoconutNetwork" */;
			productName = CoconutNetwork;
		};
/* End XCSwiftPackageProductDependency section */
	};
	rootObject = 7DB7D28C2F78B1D100ABE060 /* Project object */;
}
