// !$*UTF8*$!
{
	archiveVersion = 1;
	classes = {
	};
	objectVersion = 77;
	objects = {

/* Begin PBXBuildFile section */
		7D2EF52E2F738C2100BC6C21 /* WebKit.framework in Frameworks */ = {isa = PBXBuildFile; fileRef = 7D2EF52D2F738C2100BC6C21 /* WebKit.framework */; };
		7D2EF5302F738C2600BC6C21 /* AVFoundation.framework in Frameworks */ = {isa = PBXBuildFile; fileRef = 7D2EF52F2F738C2600BC6C21 /* AVFoundation.framework */; };
		7D2EF5322F738C3200BC6C21 /* PhotosUI.framework in Frameworks */ = {isa = PBXBuildFile; fileRef = 7D2EF5312F738C3200BC6C21 /* PhotosUI.framework */; };
		7D2EF5342F738C3700BC6C21 /* CoreServices.framework in Frameworks */ = {isa = PBXBuildFile; fileRef = 7D2EF5332F738C3700BC6C21 /* CoreServices.framework */; };
/* End PBXBuildFile section */

/* Begin PBXContainerItemProxy section */
		7D2EF4BA2F7389CF00BC6C21 /* PBXContainerItemProxy */ = {
			isa = PBXContainerItemProxy;
			containerPortal = 7D2EF49B2F7389CE00BC6C21 /* Project object */;
			proxyType = 1;
			remoteGlobalIDString = 7D2EF4A22F7389CE00BC6C21;
			remoteInfo = iOSWebBox;
		};
		7D2EF4C42F7389CF00BC6C21 /* PBXContainerItemProxy */ = {
			isa = PBXContainerItemProxy;
			containerPortal = 7D2EF49B2F7389CE00BC6C21 /* Project object */;
			proxyType = 1;
			remoteGlobalIDString = 7D2EF4A22F7389CE00BC6C21;
			remoteInfo = iOSWebBox;
		};
/* End PBXContainerItemProxy section */

/* Begin PBXFileReference section */
		7D2EF4A32F7389CE00BC6C21 /* iOSWebBox.app */ = {isa = PBXFileReference; explicitFileType = wrapper.application; includeInIndex = 0; path = iOSWebBox.app; sourceTree = BUILT_PRODUCTS_DIR; };
		7D2EF4B92F7389CF00BC6C21 /* iOSWebBoxTests.xctest */ = {isa = PBXFileReference; explicitFileType = wrapper.cfbundle; includeInIndex = 0; path = iOSWebBoxTests.xctest; sourceTree = BUILT_PRODUCTS_DIR; };
		7D2EF4C32F7389CF00BC6C21 /* iOSWebBoxUITests.xctest */ = {isa = PBXFileReference; explicitFileType = wrapper.cfbundle; includeInIndex = 0; path = iOSWebBoxUITests.xctest; sourceTree = BUILT_PRODUCTS_DIR; };
		7D2EF52D2F738C2100BC6C21 /* WebKit.framework */ = {isa = PBXFileReference; lastKnownFileType = wrapper.framework; name = WebKit.framework; path = System/Library/Frameworks/WebKit.framework; sourceTree = SDKROOT; };
		7D2EF52F2F738C2600BC6C21 /* AVFoundation.framework */ = {isa = PBXFileReference; lastKnownFileType = wrapper.framework; name = AVFoundation.framework; path = System/Library/Frameworks/AVFoundation.framework; sourceTree = SDKROOT; };
		7D2EF5312F738C3200BC6C21 /* PhotosUI.framework */ = {isa = PBXFileReference; lastKnownFileType = wrapper.framework; name = PhotosUI.framework; path = System/Library/Frameworks/PhotosUI.framework; sourceTree = SDKROOT; };
		7D2EF5332F738C3700BC6C21 /* CoreServices.framework */ = {isa = PBXFileReference; lastKnownFileType = wrapper.framework; name = CoreServices.framework; path = System/Library/Frameworks/CoreServices.framework; sourceTree = SDKROOT; };
/* End PBXFileReference section */

/* Begin PBXFileSystemSynchronizedBuildFileExceptionSet section */
		7D2EF4CB2F7389CF00BC6C21 /* Exceptions for "iOSWebBox" folder in "iOSWebBox" target */ = {
			isa = PBXFileSystemSynchronizedBuildFileExceptionSet;
			membershipExceptions = (
				Info.plist,
			);
			target = 7D2EF4A22F7389CE00BC6C21 /* iOSWebBox */;
		};
/* End PBXFileSystemSynchronizedBuildFileExceptionSet section */

/* Begin PBXFileSystemSynchronizedRootGroup section */
		7D2EF4A52F7389CE00BC6C21 /* iOSWebBox */ = {
			isa = PBXFileSystemSynchronizedRootGroup;
			exceptions = (
				7D2EF4CB2F7389CF00BC6C21 /* Exceptions for "iOSWebBox" folder in "iOSWebBox" target */,
			);
			path = iOSWebBox;
			sourceTree = "<group>";
		};
		7D2EF4BC2F7389CF00BC6C21 /* iOSWebBoxTests */ = {
			isa = PBXFileSystemSynchronizedRootGroup;
			path = iOSWebBoxTests;
			sourceTree = "<group>";
		};
		7D2EF4C62F7389CF00BC6C21 /* iOSWebBoxUITests */ = {
			isa = PBXFileSystemSynchronizedRootGroup;
			path = iOSWebBoxUITests;
			sourceTree = "<group>";
		};
/* End PBXFileSystemSynchronizedRootGroup section */

/* Begin PBXFrameworksBuildPhase section */
		7D2EF4A02F7389CE00BC6C21 /* Frameworks */ = {
			isa = PBXFrameworksBuildPhase;
			buildActionMask = 2147483647;
			files = (
				7D2EF5302F738C2600BC6C21 /* AVFoundation.framework in Frameworks */,
				7D2EF52E2F738C2100BC6C21 /* WebKit.framework in Frameworks */,
				7D2EF5322F738C3200BC6C21 /* PhotosUI.framework in Frameworks */,
				7D2EF5342F738C3700BC6C21 /* CoreServices.framework in Frameworks */,
			);
			runOnlyForDeploymentPostprocessing = 0;
		};
		7D2EF4B62F7389CF00BC6C21 /* Frameworks */ = {
			isa = PBXFrameworksBuildPhase;
			buildActionMask = 2147483647;
			files = (
			);
			runOnlyForDeploymentPostprocessing = 0;
		};
		7D2EF4C02F7389CF00BC6C21 /* Frameworks */ = {
			isa = PBXFrameworksBuildPhase;
			buildActionMask = 2147483647;
			files = (
			);
			runOnlyForDeploymentPostprocessing = 0;
		};
/* End PBXFrameworksBuildPhase section */

/* Begin PBXGroup section */
		7D2EF49A2F7389CE00BC6C21 = {
			isa = PBXGroup;
			children = (
				7D2EF4A52F7389CE00BC6C21 /* iOSWebBox */,
				7D2EF4BC2F7389CF00BC6C21 /* iOSWebBoxTests */,
				7D2EF4C62F7389CF00BC6C21 /* iOSWebBoxUITests */,
				7D2EF52C2F738C2100BC6C21 /* Frameworks */,
				7D2EF4A42F7389CE00BC6C21 /* Products */,
			);
			sourceTree = "<group>";
		};
		7D2EF4A42F7389CE00BC6C21 /* Products */ = {
			isa = PBXGroup;
			children = (
				7D2EF4A32F7389CE00BC6C21 /* iOSWebBox.app */,
				7D2EF4B92F7389CF00BC6C21 /* iOSWebBoxTests.xctest */,
				7D2EF4C32F7389CF00BC6C21 /* iOSWebBoxUITests.xctest */,
			);
			name = Products;
			sourceTree = "<group>";
		};
		7D2EF52C2F738C2100BC6C21 /* Frameworks */ = {
			isa = PBXGroup;
			children = (
				7D2EF5332F738C3700BC6C21 /* CoreServices.framework */,
				7D2EF5312F738C3200BC6C21 /* PhotosUI.framework */,
				7D2EF52F2F738C2600BC6C21 /* AVFoundation.framework */,
				7D2EF52D2F738C2100BC6C21 /* WebKit.framework */,
			);
			name = Frameworks;
			sourceTree = "<group>";
		};
/* End PBXGroup section */

/* Begin PBXNativeTarget section */
		7D2EF4A22F7389CE00BC6C21 /* iOSWebBox */ = {
			isa = PBXNativeTarget;
			buildConfigurationList = 7D2EF4CC2F7389CF00BC6C21 /* Build configuration list for PBXNativeTarget "iOSWebBox" */;
			buildPhases = (
				7D2EF49F2F7389CE00BC6C21 /* Sources */,
				7D2EF4A02F7389CE00BC6C21 /* Frameworks */,
				7D2EF4A12F7389CE00BC6C21 /* Resources */,
			);
			buildRules = (
			);
			dependencies = (
			);
			fileSystemSynchronizedGroups = (
				7D2EF4A52F7389CE00BC6C21 /* iOSWebBox */,
			);
			name = iOSWebBox;
			packageProductDependencies = (
			);
			productName = iOSWebBox;
			productReference = 7D2EF4A32F7389CE00BC6C21 /* iOSWebBox.app */;
			productType = "com.apple.product-type.application";
		};
		7D2EF4B82F7389CF00BC6C21 /* iOSWebBoxTests */ = {
			isa = PBXNativeTarget;
			buildConfigurationList = 7D2EF4D12F7389CF00BC6C21 /* Build configuration list for PBXNativeTarget "iOSWebBoxTests" */;
			buildPhases = (
				7D2EF4B52F7389CF00BC6C21 /* Sources */,
				7D2EF4B62F7389CF00BC6C21 /* Frameworks */,
				7D2EF4B72F7389CF00BC6C21 /* Resources */,
			);
			buildRules = (
			);
			dependencies = (
				7D2EF4BB2F7389CF00BC6C21 /* PBXTargetDependency */,
			);
			fileSystemSynchronizedGroups = (
				7D2EF4BC2F7389CF00BC6C21 /* iOSWebBoxTests */,
			);
			name = iOSWebBoxTests;
			packageProductDependencies = (
			);
			productName = iOSWebBoxTests;
			productReference = 7D2EF4B92F7389CF00BC6C21 /* iOSWebBoxTests.xctest */;
			productType = "com.apple.product-type.bundle.unit-test";
		};
		7D2EF4C22F7389CF00BC6C21 /* iOSWebBoxUITests */ = {
			isa = PBXNativeTarget;
			buildConfigurationList = 7D2EF4D42F7389CF00BC6C21 /* Build configuration list for PBXNativeTarget "iOSWebBoxUITests" */;
			buildPhases = (
				7D2EF4BF2F7389CF00BC6C21 /* Sources */,
				7D2EF4C02F7389CF00BC6C21 /* Frameworks */,
				7D2EF4C12F7389CF00BC6C21 /* Resources */,
			);
			buildRules = (
			);
			dependencies = (
				7D2EF4C52F7389CF00BC6C21 /* PBXTargetDependency */,
			);
			fileSystemSynchronizedGroups = (
				7D2EF4C62F7389CF00BC6C21 /* iOSWebBoxUITests */,
			);
			name = iOSWebBoxUITests;
			packageProductDependencies = (
			);
			productName = iOSWebBoxUITests;
			productReference = 7D2EF4C32F7389CF00BC6C21 /* iOSWebBoxUITests.xctest */;
			productType = "com.apple.product-type.bundle.ui-testing";
		};
/* End PBXNativeTarget section */

/* Begin PBXProject section */
		7D2EF49B2F7389CE00BC6C21 /* Project object */ = {
			isa = PBXProject;
			attributes = {
				BuildIndependentTargetsInParallel = 1;
				LastSwiftUpdateCheck = 2600;
				LastUpgradeCheck = 2600;
				TargetAttributes = {
					7D2EF4A22F7389CE00BC6C21 = {
						CreatedOnToolsVersion = 26.0.1;
					};
					7D2EF4B82F7389CF00BC6C21 = {
						CreatedOnToolsVersion = 26.0.1;
						TestTargetID = 7D2EF4A22F7389CE00BC6C21;
					};
					7D2EF4C22F7389CF00BC6C21 = {
						CreatedOnToolsVersion = 26.0.1;
						TestTargetID = 7D2EF4A22F7389CE00BC6C21;
					};
				};
			};
			buildConfigurationList = 7D2EF49E2F7389CE00BC6C21 /* Build configuration list for PBXProject "iOSWebBox" */;
			developmentRegion = en;
			hasScannedForEncodings = 0;
			knownRegions = (
				en,
				Base,
			);
			mainGroup = 7D2EF49A2F7389CE00BC6C21;
			minimizedProjectReferenceProxies = 1;
			preferredProjectObjectVersion = 77;
			productRefGroup = 7D2EF4A42F7389CE00BC6C21 /* Products */;
			projectDirPath = "";
			projectRoot = "";
			targets = (
				7D2EF4A22F7389CE00BC6C21 /* iOSWebBox */,
				7D2EF4B82F7389CF00BC6C21 /* iOSWebBoxTests */,
				7D2EF4C22F7389CF00BC6C21 /* iOSWebBoxUITests */,
			);
		};
/* End PBXProject section */

/* Begin PBXResourcesBuildPhase section */
		7D2EF4A12F7389CE00BC6C21 /* Resources */ = {
			isa = PBXResourcesBuildPhase;
			buildActionMask = 2147483647;
			files = (
			);
			runOnlyForDeploymentPostprocessing = 0;
		};
		7D2EF4B72F7389CF00BC6C21 /* Resources */ = {
			isa = PBXResourcesBuildPhase;
			buildActionMask = 2147483647;
			files = (
			);
			runOnlyForDeploymentPostprocessing = 0;
		};
		7D2EF4C12F7389CF00BC6C21 /* Resources */ = {
			isa = PBXResourcesBuildPhase;
			buildActionMask = 2147483647;
			files = (
			);
			runOnlyForDeploymentPostprocessing = 0;
		};
/* End PBXResourcesBuildPhase section */

/* Begin PBXSourcesBuildPhase section */
		7D2EF49F2F7389CE00BC6C21 /* Sources */ = {
			isa = PBXSourcesBuildPhase;
			buildActionMask = 2147483647;
			files = (
			);
			runOnlyForDeploymentPostprocessing = 0;
		};
		7D2EF4B52F7389CF00BC6C21 /* Sources */ = {
			isa = PBXSourcesBuildPhase;
			buildActionMask = 2147483647;
			files = (
			);
			runOnlyForDeploymentPostprocessing = 0;
		};
		7D2EF4BF2F7389CF00BC6C21 /* Sources */ = {
			isa = PBXSourcesBuildPhase;
			buildActionMask = 2147483647;
			files = (
			);
			runOnlyForDeploymentPostprocessing = 0;
		};
/* End PBXSourcesBuildPhase section */

/* Begin PBXTargetDependency section */
		7D2EF4BB2F7389CF00BC6C21 /* PBXTargetDependency */ = {
			isa = PBXTargetDependency;
			target = 7D2EF4A22F7389CE00BC6C21 /* iOSWebBox */;
			targetProxy = 7D2EF4BA2F7389CF00BC6C21 /* PBXContainerItemProxy */;
		};
		7D2EF4C52F7389CF00BC6C21 /* PBXTargetDependency */ = {
			isa = PBXTargetDependency;
			target = 7D2EF4A22F7389CE00BC6C21 /* iOSWebBox */;
			targetProxy = 7D2EF4C42F7389CF00BC6C21 /* PBXContainerItemProxy */;
		};
/* End PBXTargetDependency section */

/* Begin XCBuildConfiguration section */
		7D2EF4CD2F7389CF00BC6C21 /* Debug */ = {
			isa = XCBuildConfiguration;
			buildSettings = {
				ASSETCATALOG_COMPILER_APPICON_NAME = AppIcon;
				ASSETCATALOG_COMPILER_GLOBAL_ACCENT_COLOR_NAME = AccentColor;
				CODE_SIGN_STYLE = Automatic;
				CURRENT_PROJECT_VERSION = 1;
				DEVELOPMENT_TEAM = 24UF99W49D;
				GENERATE_INFOPLIST_FILE = YES;
				INFOPLIST_FILE = iOSWebBox/Info.plist;
				INFOPLIST_KEY_UIApplicationSupportsIndirectInputEvents = YES;
				INFOPLIST_KEY_UILaunchStoryboardName = LaunchScreen;
				INFOPLIST_KEY_UIMainStoryboardFile = Main;
				INFOPLIST_KEY_UISupportedInterfaceOrientations_iPad = "UIInterfaceOrientationPortrait UIInterfaceOrientationPortraitUpsideDown UIInterfaceOrientationLandscapeLeft UIInterfaceOrientationLandscapeRight";
				INFOPLIST_KEY_UISupportedInterfaceOrientations_iPhone = "UIInterfaceOrientationPortrait UIInterfaceOrientationLandscapeLeft UIInterfaceOrientationLandscapeRight";
				IPHONEOS_DEPLOYMENT_TARGET = 14;
				LD_RUNPATH_SEARCH_PATHS = (
					"$(inherited)",
					"@executable_path/Frameworks",
				);
				MARKETING_VERSION = 1.0;
				PRODUCT_BUNDLE_IDENTIFIER = com.sniper.tool.iOSWebBox;
				PRODUCT_NAME = "$(TARGET_NAME)";
				STRING_CATALOG_GENERATE_SYMBOLS = YES;
				SWIFT_APPROACHABLE_CONCURRENCY = YES;
				SWIFT_DEFAULT_ACTOR_ISOLATION = MainActor;
				SWIFT_EMIT_LOC_STRINGS = YES;
				SWIFT_UPCOMING_FEATURE_MEMBER_IMPORT_VISIBILITY = YES;
				SWIFT_VERSION = 5.0;
				TARGETED_DEVICE_FAMILY = "1,2";
			};
			name = Debug;
		};
		7D2EF4CE2F7389CF00BC6C21 /* Release */ = {
			isa = XCBuildConfiguration;
			buildSettings = {
				ASSETCATALOG_COMPILER_APPICON_NAME = AppIcon;
				ASSETCATALOG_COMPILER_GLOBAL_ACCENT_COLOR_NAME = AccentColor;
				CODE_SIGN_STYLE = Automatic;
				CURRENT_PROJECT_VERSION = 1;
				DEVELOPMENT_TEAM = 24UF99W49D;
				GENERATE_INFOPLIST_FILE = YES;
				INFOPLIST_FILE = iOSWebBox/Info.plist;
				INFOPLIST_KEY_UIApplicationSupportsIndirectInputEvents = YES;
				INFOPLIST_KEY_UILaunchStoryboardName = LaunchScreen;
				INFOPLIST_KEY_UIMainStoryboardFile = Main;
				INFOPLIST_KEY_UISupportedInterfaceOrientations_iPad = "UIInterfaceOrientationPortrait UIInterfaceOrientationPortraitUpsideDown UIInterfaceOrientationLandscapeLeft UIInterfaceOrientationLandscapeRight";
				INFOPLIST_KEY_UISupportedInterfaceOrientations_iPhone = "UIInterfaceOrientationPortrait UIInterfaceOrientationLandscapeLeft UIInterfaceOrientationLandscapeRight";
				IPHONEOS_DEPLOYMENT_TARGET = 14;
				LD_RUNPATH_SEARCH_PATHS = (
					"$(inherited)",
					"@executable_path/Frameworks",
				);
				MARKETING_VERSION = 1.0;
				PRODUCT_BUNDLE_IDENTIFIER = com.sniper.tool.iOSWebBox;
				PRODUCT_NAME = "$(TARGET_NAME)";
				STRING_CATALOG_GENERATE_SYMBOLS = YES;
				SWIFT_APPROACHABLE_CONCURRENCY = YES;
				SWIFT_DEFAULT_ACTOR_ISOLATION = MainActor;
				SWIFT_EMIT_LOC_STRINGS = YES;
				SWIFT_UPCOMING_FEATURE_MEMBER_IMPORT_VISIBILITY = YES;
				SWIFT_VERSION = 5.0;
				TARGETED_DEVICE_FAMILY = "1,2";
			};
			name = Release;
		};
		7D2EF4CF2F7389CF00BC6C21 /* Debug */ = {
			isa = XCBuildConfiguration;
			buildSettings = {
				ALWAYS_SEARCH_USER_PATHS = NO;
				ASSETCATALOG_COMPILER_GENERATE_SWIFT_ASSET_SYMBOL_EXTENSIONS = YES;
				CLANG_ANALYZER_NONNULL = YES;
				CLANG_ANALYZER_NUMBER_OBJECT_CONVERSION = YES_AGGRESSIVE;
				CLANG_CXX_LANGUAGE_STANDARD = "gnu++20";
				CLANG_ENABLE_MODULES = YES;
				CLANG_ENABLE_OBJC_ARC = YES;
				CLANG_ENABLE_OBJC_WEAK = YES;
				CLANG_WARN_BLOCK_CAPTURE_AUTORELEASING = YES;
				CLANG_WARN_BOOL_CONVERSION = YES;
				CLANG_WARN_COMMA = YES;
				CLANG_WARN_CONSTANT_CONVERSION = YES;
				CLANG_WARN_DEPRECATED_OBJC_IMPLEMENTATIONS = YES;
				CLANG_WARN_DIRECT_OBJC_ISA_USAGE = YES_ERROR;
				CLANG_WARN_DOCUMENTATION_COMMENTS = YES;
				CLANG_WARN_EMPTY_BODY = YES;
				CLANG_WARN_ENUM_CONVERSION = YES;
				CLANG_WARN_INFINITE_RECURSION = YES;
				CLANG_WARN_INT_CONVERSION = YES;
				CLANG_WARN_NON_LITERAL_NULL_CONVERSION = YES;
				CLANG_WARN_OBJC_IMPLICIT_RETAIN_SELF = YES;
				CLANG_WARN_OBJC_LITERAL_CONVERSION = YES;
				CLANG_WARN_OBJC_ROOT_CLASS = YES_ERROR;
				CLANG_WARN_QUOTED_INCLUDE_IN_FRAMEWORK_HEADER = YES;
				CLANG_WARN_RANGE_LOOP_ANALYSIS = YES;
				CLANG_WARN_STRICT_PROTOTYPES = YES;
				CLANG_WARN_SUSPICIOUS_MOVE = YES;
				CLANG_WARN_UNGUARDED_AVAILABILITY = YES_AGGRESSIVE;
				CLANG_WARN_UNREACHABLE_CODE = YES;
				CLANG_WARN__DUPLICATE_METHOD_MATCH = YES;
				COPY_PHASE_STRIP = NO;
				DEBUG_INFORMATION_FORMAT = dwarf;
				ENABLE_STRICT_OBJC_MSGSEND = YES;
				ENABLE_TESTABILITY = YES;
				ENABLE_USER_SCRIPT_SANDBOXING = YES;
				GCC_C_LANGUAGE_STANDARD = gnu17;
				GCC_DYNAMIC_NO_PIC = NO;
				GCC_NO_COMMON_BLOCKS = YES;
				GCC_OPTIMIZATION_LEVEL = 0;
				GCC_PREPROCESSOR_DEFINITIONS = (
					"DEBUG=1",
					"$(inherited)",
				);
				GCC_WARN_64_TO_32_BIT_CONVERSION = YES;
				GCC_WARN_ABOUT_RETURN_TYPE = YES_ERROR;
				GCC_WARN_UNDECLARED_SELECTOR = YES;
				GCC_WARN_UNINITIALIZED_AUTOS = YES_AGGRESSIVE;
				GCC_WARN_UNUSED_FUNCTION = YES;
				GCC_WARN_UNUSED_VARIABLE = YES;
				IPHONEOS_DEPLOYMENT_TARGET = 26.0;
				LOCALIZATION_PREFERS_STRING_CATALOGS = YES;
				MTL_ENABLE_DEBUG_INFO = INCLUDE_SOURCE;
				MTL_FAST_MATH = YES;
				ONLY_ACTIVE_ARCH = YES;
				SDKROOT = iphoneos;
				SWIFT_ACTIVE_COMPILATION_CONDITIONS = "DEBUG $(inherited)";
				SWIFT_OPTIMIZATION_LEVEL = "-Onone";
			};
			name = Debug;
		};
		7D2EF4D02F7389CF00BC6C21 /* Release */ = {
			isa = XCBuildConfiguration;
			buildSettings = {
				ALWAYS_SEARCH_USER_PATHS = NO;
				ASSETCATALOG_COMPILER_GENERATE_SWIFT_ASSET_SYMBOL_EXTENSIONS = YES;
				CLANG_ANALYZER_NONNULL = YES;
				CLANG_ANALYZER_NUMBER_OBJECT_CONVERSION = YES_AGGRESSIVE;
				CLANG_CXX_LANGUAGE_STANDARD = "gnu++20";
				CLANG_ENABLE_MODULES = YES;
				CLANG_ENABLE_OBJC_ARC = YES;
				CLANG_ENABLE_OBJC_WEAK = YES;
				CLANG_WARN_BLOCK_CAPTURE_AUTORELEASING = YES;
				CLANG_WARN_BOOL_CONVERSION = YES;
				CLANG_WARN_COMMA = YES;
				CLANG_WARN_CONSTANT_CONVERSION = YES;
				CLANG_WARN_DEPRECATED_OBJC_IMPLEMENTATIONS = YES;
				CLANG_WARN_DIRECT_OBJC_ISA_USAGE = YES_ERROR;
				CLANG_WARN_DOCUMENTATION_COMMENTS = YES;
				CLANG_WARN_EMPTY_BODY = YES;
				CLANG_WARN_ENUM_CONVERSION = YES;
				CLANG_WARN_INFINITE_RECURSION = YES;
				CLANG_WARN_INT_CONVERSION = YES;
				CLANG_WARN_NON_LITERAL_NULL_CONVERSION = YES;
				CLANG_WARN_OBJC_IMPLICIT_RETAIN_SELF = YES;
				CLANG_WARN_OBJC_LITERAL_CONVERSION = YES;
				CLANG_WARN_OBJC_ROOT_CLASS = YES_ERROR;
				CLANG_WARN_QUOTED_INCLUDE_IN_FRAMEWORK_HEADER = YES;
				CLANG_WARN_RANGE_LOOP_ANALYSIS = YES;
				CLANG_WARN_STRICT_PROTOTYPES = YES;
				CLANG_WARN_SUSPICIOUS_MOVE = YES;
				CLANG_WARN_UNGUARDED_AVAILABILITY = YES_AGGRESSIVE;
				CLANG_WARN_UNREACHABLE_CODE = YES;
				CLANG_WARN__DUPLICATE_METHOD_MATCH = YES;
				COPY_PHASE_STRIP = NO;
				DEBUG_INFORMATION_FORMAT = "dwarf-with-dsym";
				ENABLE_NS_ASSERTIONS = NO;
				ENABLE_STRICT_OBJC_MSGSEND = YES;
				ENABLE_USER_SCRIPT_SANDBOXING = YES;
				GCC_C_LANGUAGE_STANDARD = gnu17;
				GCC_NO_COMMON_BLOCKS = YES;
				GCC_WARN_64_TO_32_BIT_CONVERSION = YES;
				GCC_WARN_ABOUT_RETURN_TYPE = YES_ERROR;
				GCC_WARN_UNDECLARED_SELECTOR = YES;
				GCC_WARN_UNINITIALIZED_AUTOS = YES_AGGRESSIVE;
				GCC_WARN_UNUSED_FUNCTION = YES;
				GCC_WARN_UNUSED_VARIABLE = YES;
				IPHONEOS_DEPLOYMENT_TARGET = 26.0;
				LOCALIZATION_PREFERS_STRING_CATALOGS = YES;
				MTL_ENABLE_DEBUG_INFO = NO;
				MTL_FAST_MATH = YES;
				SDKROOT = iphoneos;
				SWIFT_COMPILATION_MODE = wholemodule;
				VALIDATE_PRODUCT = YES;
			};
			name = Release;
		};
		7D2EF4D22F7389CF00BC6C21 /* Debug */ = {
			isa = XCBuildConfiguration;
			buildSettings = {
				BUNDLE_LOADER = "$(TEST_HOST)";
				CODE_SIGN_STYLE = Automatic;
				CURRENT_PROJECT_VERSION = 1;
				GENERATE_INFOPLIST_FILE = YES;
				IPHONEOS_DEPLOYMENT_TARGET = 26.0;
				MARKETING_VERSION = 1.0;
				PRODUCT_BUNDLE_IDENTIFIER = com.sniper.tool.iOSWebBoxTests;
				PRODUCT_NAME = "$(TARGET_NAME)";
				STRING_CATALOG_GENERATE_SYMBOLS = NO;
				SWIFT_APPROACHABLE_CONCURRENCY = YES;
				SWIFT_EMIT_LOC_STRINGS = NO;
				SWIFT_UPCOMING_FEATURE_MEMBER_IMPORT_VISIBILITY = YES;
				SWIFT_VERSION = 5.0;
				TARGETED_DEVICE_FAMILY = "1,2";
				TEST_HOST = "$(BUILT_PRODUCTS_DIR)/iOSWebBox.app/$(BUNDLE_EXECUTABLE_FOLDER_PATH)/iOSWebBox";
			};
			name = Debug;
		};
		7D2EF4D32F7389CF00BC6C21 /* Release */ = {
			isa = XCBuildConfiguration;
			buildSettings = {
				BUNDLE_LOADER = "$(TEST_HOST)";
				CODE_SIGN_STYLE = Automatic;
				CURRENT_PROJECT_VERSION = 1;
				GENERATE_INFOPLIST_FILE = YES;
				IPHONEOS_DEPLOYMENT_TARGET = 26.0;
				MARKETING_VERSION = 1.0;
				PRODUCT_BUNDLE_IDENTIFIER = com.sniper.tool.iOSWebBoxTests;
				PRODUCT_NAME = "$(TARGET_NAME)";
				STRING_CATALOG_GENERATE_SYMBOLS = NO;
				SWIFT_APPROACHABLE_CONCURRENCY = YES;
				SWIFT_EMIT_LOC_STRINGS = NO;
				SWIFT_UPCOMING_FEATURE_MEMBER_IMPORT_VISIBILITY = YES;
				SWIFT_VERSION = 5.0;
				TARGETED_DEVICE_FAMILY = "1,2";
				TEST_HOST = "$(BUILT_PRODUCTS_DIR)/iOSWebBox.app/$(BUNDLE_EXECUTABLE_FOLDER_PATH)/iOSWebBox";
			};
			name = Release;
		};
		7D2EF4D52F7389CF00BC6C21 /* Debug */ = {
			isa = XCBuildConfiguration;
			buildSettings = {
				CODE_SIGN_STYLE = Automatic;
				CURRENT_PROJECT_VERSION = 1;
				GENERATE_INFOPLIST_FILE = YES;
				MARKETING_VERSION = 1.0;
				PRODUCT_BUNDLE_IDENTIFIER = com.sniper.tool.iOSWebBoxUITests;
				PRODUCT_NAME = "$(TARGET_NAME)";
				STRING_CATALOG_GENERATE_SYMBOLS = NO;
				SWIFT_APPROACHABLE_CONCURRENCY = YES;
				SWIFT_EMIT_LOC_STRINGS = NO;
				SWIFT_UPCOMING_FEATURE_MEMBER_IMPORT_VISIBILITY = YES;
				SWIFT_VERSION = 5.0;
				TARGETED_DEVICE_FAMILY = "1,2";
				TEST_TARGET_NAME = iOSWebBox;
			};
			name = Debug;
		};
		7D2EF4D62F7389CF00BC6C21 /* Release */ = {
			isa = XCBuildConfiguration;
			buildSettings = {
				CODE_SIGN_STYLE = Automatic;
				CURRENT_PROJECT_VERSION = 1;
				GENERATE_INFOPLIST_FILE = YES;
				MARKETING_VERSION = 1.0;
				PRODUCT_BUNDLE_IDENTIFIER = com.sniper.tool.iOSWebBoxUITests;
				PRODUCT_NAME = "$(TARGET_NAME)";
				STRING_CATALOG_GENERATE_SYMBOLS = NO;
				SWIFT_APPROACHABLE_CONCURRENCY = YES;
				SWIFT_EMIT_LOC_STRINGS = NO;
				SWIFT_UPCOMING_FEATURE_MEMBER_IMPORT_VISIBILITY = YES;
				SWIFT_VERSION = 5.0;
				TARGETED_DEVICE_FAMILY = "1,2";
				TEST_TARGET_NAME = iOSWebBox;
			};
			name = Release;
		};
/* End XCBuildConfiguration section */

/* Begin XCConfigurationList section */
		7D2EF49E2F7389CE00BC6C21 /* Build configuration list for PBXProject "iOSWebBox" */ = {
			isa = XCConfigurationList;
			buildConfigurations = (
				7D2EF4CF2F7389CF00BC6C21 /* Debug */,
				7D2EF4D02F7389CF00BC6C21 /* Release */,
			);
			defaultConfigurationIsVisible = 0;
			defaultConfigurationName = Release;
		};
		7D2EF4CC2F7389CF00BC6C21 /* Build configuration list for PBXNativeTarget "iOSWebBox" */ = {
			isa = XCConfigurationList;
			buildConfigurations = (
				7D2EF4CD2F7389CF00BC6C21 /* Debug */,
				7D2EF4CE2F7389CF00BC6C21 /* Release */,
			);
			defaultConfigurationIsVisible = 0;
			defaultConfigurationName = Release;
		};
		7D2EF4D12F7389CF00BC6C21 /* Build configuration list for PBXNativeTarget "iOSWebBoxTests" */ = {
			isa = XCConfigurationList;
			buildConfigurations = (
				7D2EF4D22F7389CF00BC6C21 /* Debug */,
				7D2EF4D32F7389CF00BC6C21 /* Release */,
			);
			defaultConfigurationIsVisible = 0;
			defaultConfigurationName = Release;
		};
		7D2EF4D42F7389CF00BC6C21 /* Build configuration list for PBXNativeTarget "iOSWebBoxUITests" */ = {
			isa = XCConfigurationList;
			buildConfigurations = (
				7D2EF4D52F7389CF00BC6C21 /* Debug */,
				7D2EF4D62F7389CF00BC6C21 /* Release */,
			);
			defaultConfigurationIsVisible = 0;
			defaultConfigurationName = Release;
		};
/* End XCConfigurationList section */
	};
	rootObject = 7D2EF49B2F7389CE00BC6C21 /* Project object */;
}
